
Microsoft Visual Studio Solution File, Format Version 12.00
# Visual Studio Version 17
VisualStudioVersion = 17.8.34322.80
MinimumVisualStudioVersion = 10.0.40219.1
Project("{9A19103F-16F7-4668-BE54-9A1E7A4F7556}") = "OrangeFinance", "Orange-Finance\OrangeFinance.csproj", "{6242B4AA-28B6-48C7-8CD9-E5EA76A79554}"
EndProject
Project("{9A19103F-16F7-4668-BE54-9A1E7A4F7556}") = "OrangeFinance.Application", "OrangeFinance.Application\OrangeFinance.Application.csproj", "{8FF67C7C-225F-4710-8657-FE4EBAB3CD89}"
EndProject
Project("{9A19103F-16F7-4668-BE54-9A1E7A4F7556}") = "OrangeFinance.Domain", "OrangeFinance.Domain\OrangeFinance.Domain.csproj", "{1CC12BD5-B2CC-4E4D-8743-1C197F634C16}"
EndProject
Project("{9A19103F-16F7-4668-BE54-9A1E7A4F7556}") = "OrangeFinance.Infrastructure", "OrangeFinance.Infrastructure\OrangeFinance.Infrastructure.csproj", "{EE506D24-7BF5-41D6-BFA7-BF27BACE94F7}"
EndProject
Project("{9A19103F-16F7-4668-BE54-9A1E7A4F7556}") = "OrangeFinance.Contracts", "OrangeFinance.Contracts\OrangeFinance.Contracts.csproj", "{BBD71DDD-0AB8-4A02-A1BE-53744F10806F}"
EndProject
Project("{E53339B2-1760-4266-BCC7-CA923CBCF16C}") = "docker-compose", "docker-compose.dcproj", "{308B4C23-D04D-47F7-8201-E4F6CE6791B4}"
EndProject
Project("{9A19103F-16F7-4668-BE54-9A1E7A4F7556}") = "Worker-Orange-Finance", "Worker-Orange-Finance\Worker-Orange-Finance.csproj", "{B8B5FF2F-FC6C-4606-9276-5A0C774BDDBD}"
EndProject
Project("{FAE04EC0-301F-11D3-BF4B-00C04F79EFBC}") = "OrangeFinance.Adapters", "OrangeFinance.Adapters\OrangeFinance.Adapters.csproj", "{D9A53FB2-690D-4CC6-92E9-45C8BEFA9BE7}"
EndProject
Project("{FAE04EC0-301F-11D3-BF4B-00C04F79EFBC}") = "AspireApp.AppHost", "..\AspireApp\AspireApp.AppHost\AspireApp.AppHost.csproj", "{BDA93296-A7FA-46AA-91AB-D2E873E12B96}"
EndProject
Project("{FAE04EC0-301F-11D3-BF4B-00C04F79EFBC}") = "AspireApp.ServiceDefaults", "..\AspireApp\AspireApp.ServiceDefaults\AspireApp.ServiceDefaults.csproj", "{30D1B0EA-3D6A-12A8-881B-8F38BA294566}"
EndProject
Global
	GlobalSection(SolutionConfigurationPlatforms) = preSolution
		Debug|Any CPU = Debug|Any CPU
		Release|Any CPU = Release|Any CPU
	EndGlobalSection
	GlobalSection(ProjectConfigurationPlatforms) = postSolution
		{6242B4AA-28B6-48C7-8CD9-E5EA76A79554}.Debug|Any CPU.ActiveCfg = Debug|Any CPU
		{6242B4AA-28B6-48C7-8CD9-E5EA76A79554}.Debug|Any CPU.Build.0 = Debug|Any CPU
		{6242B4AA-28B6-48C7-8CD9-E5EA76A79554}.Release|Any CPU.ActiveCfg = Release|Any CPU
		{6242B4AA-28B6-48C7-8CD9-E5EA76A79554}.Release|Any CPU.Build.0 = Release|Any CPU
		{8FF67C7C-225F-4710-8657-FE4EBAB3CD89}.Debug|Any CPU.ActiveCfg = Debug|Any CPU
		{8FF67C7C-225F-4710-8657-FE4EBAB3CD89}.Debug|Any CPU.Build.0 = Debug|Any CPU
		{8FF67C7C-225F-4710-8657-FE4EBAB3CD89}.Release|Any CPU.ActiveCfg = Release|Any CPU
		{8FF67C7C-225F-4710-8657-FE4EBAB3CD89}.Release|Any CPU.Build.0 = Release|Any CPU
		{1CC12BD5-B2CC-4E4D-8743-1C197F634C16}.Debug|Any CPU.ActiveCfg = Debug|Any CPU
		{1CC12BD5-B2CC-4E4D-8743-1C197F634C16}.Debug|Any CPU.Build.0 = Debug|Any CPU
		{1CC12BD5-B2CC-4E4D-8743-1C197F634C16}.Release|Any CPU.ActiveCfg = Release|Any CPU
		{1CC12BD5-B2CC-4E4D-8743-1C197F634C16}.Release|Any CPU.Build.0 = Release|Any CPU
		{EE506D24-7BF5-41D6-BFA7-BF27BACE94F7}.Debug|Any CPU.ActiveCfg = Debug|Any CPU
		{EE506D24-7BF5-41D6-BFA7-BF27BACE94F7}.Debug|Any CPU.Build.0 = Debug|Any CPU
		{EE506D24-7BF5-41D6-BFA7-BF27BACE94F7}.Release|Any CPU.ActiveCfg = Release|Any CPU
		{EE506D24-7BF5-41D6-BFA7-BF27BACE94F7}.Release|Any CPU.Build.0 = Release|Any CPU
		{BBD71DDD-0AB8-4A02-A1BE-53744F10806F}.Debug|Any CPU.ActiveCfg = Debug|Any CPU
		{BBD71DDD-0AB8-4A02-A1BE-53744F10806F}.Debug|Any CPU.Build.0 = Debug|Any CPU
		{BBD71DDD-0AB8-4A02-A1BE-53744F10806F}.Release|Any CPU.ActiveCfg = Release|Any CPU
		{BBD71DDD-0AB8-4A02-A1BE-53744F10806F}.Release|Any CPU.Build.0 = Release|Any CPU
		{308B4C23-D04D-47F7-8201-E4F6CE6791B4}.Debug|Any CPU.ActiveCfg = Debug|Any CPU
		{308B4C23-D04D-47F7-8201-E4F6CE6791B4}.Debug|Any CPU.Build.0 = Debug|Any CPU
		{308B4C23-D04D-47F7-8201-E4F6CE6791B4}.Release|Any CPU.ActiveCfg = Release|Any CPU
		{308B4C23-D04D-47F7-8201-E4F6CE6791B4}.Release|Any CPU.Build.0 = Release|Any CPU
		{B8B5FF2F-FC6C-4606-9276-5A0C774BDDBD}.Debug|Any CPU.ActiveCfg = Debug|Any CPU
		{B8B5FF2F-FC6C-4606-9276-5A0C774BDDBD}.Debug|Any CPU.Build.0 = Debug|Any CPU
		{B8B5FF2F-FC6C-4606-9276-5A0C774BDDBD}.Release|Any CPU.ActiveCfg = Release|Any CPU
		{B8B5FF2F-FC6C-4606-9276-5A0C774BDDBD}.Release|Any CPU.Build.0 = Release|Any CPU
		{D9A53FB2-690D-4CC6-92E9-45C8BEFA9BE7}.Debug|Any CPU.ActiveCfg = Debug|Any CPU
		{D9A53FB2-690D-4CC6-92E9-45C8BEFA9BE7}.Debug|Any CPU.Build.0 = Debug|Any CPU
		{D9A53FB2-690D-4CC6-92E9-45C8BEFA9BE7}.Release|Any CPU.ActiveCfg = Release|Any CPU
		{D9A53FB2-690D-4CC6-92E9-45C8BEFA9BE7}.Release|Any CPU.Build.0 = Release|Any CPU
		{BDA93296-A7FA-46AA-91AB-D2E873E12B96}.Debug|Any CPU.ActiveCfg = Debug|Any CPU
		{BDA93296-A7FA-46AA-91AB-D2E873E12B96}.Debug|Any CPU.Build.0 = Debug|Any CPU
		{BDA93296-A7FA-46AA-91AB-D2E873E12B96}.Release|Any CPU.ActiveCfg = Release|Any CPU
		{BDA93296-A7FA-46AA-91AB-D2E873E12B96}.Release|Any CPU.Build.0 = Release|Any CPU
		{30D1B0EA-3D6A-12A8-881B-8F38BA294566}.Debug|Any CPU.ActiveCfg = Debug|Any CPU
		{30D1B0EA-3D6A-12A8-881B-8F38BA294566}.Debug|Any CPU.Build.0 = Debug|Any CPU
		{30D1B0EA-3D6A-12A8-881B-8F38BA294566}.Release|Any CPU.ActiveCfg = Release|Any CPU
		{30D1B0EA-3D6A-12A8-881B-8F38BA294566}.Release|Any CPU.Build.0 = Release|Any CPU
	EndGlobalSection
	GlobalSection(SolutionProperties) = preSolution
		HideSolutionNode = FALSE
	EndGlobalSection
	GlobalSection(ExtensibilityGlobals) = postSolution
		SolutionGuid = {3713B83C-4CE0-43A0-9A91-57DB241582BF}
	EndGlobalSection
EndGlobal
